// !$*UTF8*$!
{
	archiveVersion = 1;
	classes = {
	};
	objectVersion = 46;
	objects = {

/* Begin PBXBuildFile section */
		159C4FAA1C580E6F005B9662 /* BottlerHierarchyData.json in Resources */ = {isa = PBXBuildFile; fileRef = 159C4FA91C580E6F005B9662 /* BottlerHierarchyData.json */; };
		159C4FAD1C5818D2005B9662 /* DPSUtilities.m in Sources */ = {isa = PBXBuildFile; fileRef = 159C4FAC1C5818D2005B9662 /* DPSUtilities.m */; };
		159C4FB01C592138005B9662 /* DPSBottler.m in Sources */ = {isa = PBXBuildFile; fileRef = 159C4FAF1C592138005B9662 /* DPSBottler.m */; };
		159C4FB31C59214E005B9662 /* EBHObject.m in Sources */ = {isa = PBXBuildFile; fileRef = 159C4FB21C59214E005B9662 /* EBHObject.m */; };
		15D91F4B1C49682C00DFBCCB /* main.m in Sources */ = {isa = PBXBuildFile; fileRef = 15D91F4A1C49682C00DFBCCB /* main.m */; };
		15D91F4E1C49682C00DFBCCB /* AppDelegate.m in Sources */ = {isa = PBXBuildFile; fileRef = 15D91F4D1C49682C00DFBCCB /* AppDelegate.m */; };
		15D91F511C49682C00DFBCCB /* ViewController.m in Sources */ = {isa = PBXBuildFile; fileRef = 15D91F501C49682C00DFBCCB /* ViewController.m */; };
		15D91F541C49682C00DFBCCB /* Main.storyboard in Resources */ = {isa = PBXBuildFile; fileRef = 15D91F521C49682C00DFBCCB /* Main.storyboard */; };
		15D91F561C49682C00DFBCCB /* Assets.xcassets in Resources */ = {isa = PBXBuildFile; fileRef = 15D91F551C49682C00DFBCCB /* Assets.xcassets */; };
		15D91F591C49682C00DFBCCB /* LaunchScreen.storyboard in Resources */ = {isa = PBXBuildFile; fileRef = 15D91F571C49682C00DFBCCB /* LaunchScreen.storyboard */; };
		15D91F641C49682C00DFBCCB /* HelloWorldTests.m in Sources */ = {isa = PBXBuildFile; fileRef = 15D91F631C49682C00DFBCCB /* HelloWorldTests.m */; };
		15D91F6F1C49682C00DFBCCB /* HelloWorldUITests.m in Sources */ = {isa = PBXBuildFile; fileRef = 15D91F6E1C49682C00DFBCCB /* HelloWorldUITests.m */; };
		15D91FA11C49688A00DFBCCB /* RABatchChangeEntity.m in Sources */ = {isa = PBXBuildFile; fileRef = 15D91F811C49688A00DFBCCB /* RABatchChangeEntity.m */; };
		15D91FA21C49688A00DFBCCB /* RABatchChanges.m in Sources */ = {isa = PBXBuildFile; fileRef = 15D91F831C49688A00DFBCCB /* RABatchChanges.m */; };
		15D91FA31C49688A00DFBCCB /* RATableView.m in Sources */ = {isa = PBXBuildFile; fileRef = 15D91F851C49688A00DFBCCB /* RATableView.m */; };
		15D91FA41C49688A00DFBCCB /* RATreeNode.m in Sources */ = {isa = PBXBuildFile; fileRef = 15D91F871C49688A00DFBCCB /* RATreeNode.m */; };
		15D91FA51C49688A00DFBCCB /* RATreeNodeCollectionController.m in Sources */ = {isa = PBXBuildFile; fileRef = 15D91F8A1C49688A00DFBCCB /* RATreeNodeCollectionController.m */; };
		15D91FA61C49688A00DFBCCB /* RATreeNodeController.m in Sources */ = {isa = PBXBuildFile; fileRef = 15D91F8C1C49688A00DFBCCB /* RATreeNodeController.m */; };
		15D91FA71C49688A00DFBCCB /* RATreeNodeItem+Private.m in Sources */ = {isa = PBXBuildFile; fileRef = 15D91F8F1C49688A00DFBCCB /* RATreeNodeItem+Private.m */; };
		15D91FA81C49688A00DFBCCB /* RATreeNodeItem.m in Sources */ = {isa = PBXBuildFile; fileRef = 15D91F911C49688A00DFBCCB /* RATreeNodeItem.m */; };
		15D91FA91C49688A00DFBCCB /* RATreeView+Enums.m in Sources */ = {isa = PBXBuildFile; fileRef = 15D91F931C49688A00DFBCCB /* RATreeView+Enums.m */; };
		15D91FAA1C49688A00DFBCCB /* RATreeView+Private.m in Sources */ = {isa = PBXBuildFile; fileRef = 15D91F951C49688A00DFBCCB /* RATreeView+Private.m */; };
		15D91FAB1C49688A00DFBCCB /* RATreeView+RATreeNodeCollectionControllerDataSource.m in Sources */ = {isa = PBXBuildFile; fileRef = 15D91F971C49688A00DFBCCB /* RATreeView+RATreeNodeCollectionControllerDataSource.m */; };
		15D91FAC1C49688A00DFBCCB /* RATreeView+TableViewDataSource.m in Sources */ = {isa = PBXBuildFile; fileRef = 15D91F991C49688A00DFBCCB /* RATreeView+TableViewDataSource.m */; };
		15D91FAD1C49688A00DFBCCB /* RATreeView+TableViewDelegate.m in Sources */ = {isa = PBXBuildFile; fileRef = 15D91F9B1C49688A00DFBCCB /* RATreeView+TableViewDelegate.m */; };
		15D91FAE1C49688A00DFBCCB /* RATreeView.m in Sources */ = {isa = PBXBuildFile; fileRef = 15D91F9E1C49688A00DFBCCB /* RATreeView.m */; };
		15D91FAF1C49688A00DFBCCB /* Info.plist in Resources */ = {isa = PBXBuildFile; fileRef = 15D91FA01C49688A00DFBCCB /* Info.plist */; };
		15D91FB51C4968D200DFBCCB /* RADataObject.m in Sources */ = {isa = PBXBuildFile; fileRef = 15D91FB11C4968D200DFBCCB /* RADataObject.m */; };
		15D91FB61C4968D200DFBCCB /* RATableViewCell.m in Sources */ = {isa = PBXBuildFile; fileRef = 15D91FB31C4968D200DFBCCB /* RATableViewCell.m */; };
		15D91FB71C4968D200DFBCCB /* RATableViewCell.xib in Resources */ = {isa = PBXBuildFile; fileRef = 15D91FB41C4968D200DFBCCB /* RATableViewCell.xib */; };
		15D91FBD1C49884800DFBCCB /* NewViewController.m in Sources */ = {isa = PBXBuildFile; fileRef = 15D91FBC1C49884800DFBCCB /* NewViewController.m */; };
		15D91FC01C49943400DFBCCB /* Selected-icon@2x.png in Resources */ = {isa = PBXBuildFile; fileRef = 15D91FBE1C49943400DFBCCB /* Selected-icon@2x.png */; };
		15D91FC11C49943400DFBCCB /* Unselected-icon@2x.png in Resources */ = {isa = PBXBuildFile; fileRef = 15D91FBF1C49943400DFBCCB /* Unselected-icon@2x.png */; };
		A3914CA03461F1C647C9A6D9 /* libPods.a in Frameworks */ = {isa = PBXBuildFile; fileRef = 12F356F8DCC1830C06CC294D /* libPods.a */; };
/* End PBXBuildFile section */

/* Begin PBXContainerItemProxy section */
		15D91F601C49682C00DFBCCB /* PBXContainerItemProxy */ = {
			isa = PBXContainerItemProxy;
			containerPortal = 15D91F3E1C49682C00DFBCCB /* Project object */;
			proxyType = 1;
			remoteGlobalIDString = 15D91F451C49682C00DFBCCB;
			remoteInfo = HelloWorld;
		};
		15D91F6B1C49682C00DFBCCB /* PBXContainerItemProxy */ = {
			isa = PBXContainerItemProxy;
			containerPortal = 15D91F3E1C49682C00DFBCCB /* Project object */;
			proxyType = 1;
			remoteGlobalIDString = 15D91F451C49682C00DFBCCB;
			remoteInfo = HelloWorld;
		};
/* End PBXContainerItemProxy section */

/* Begin PBXFileReference section */
		12F356F8DCC1830C06CC294D /* libPods.a */ = {isa = PBXFileReference; explicitFileType = archive.ar; includeInIndex = 0; path = libPods.a; sourceTree = BUILT_PRODUCTS_DIR; };
		159C4FA91C580E6F005B9662 /* BottlerHierarchyData.json */ = {isa = PBXFileReference; fileEncoding = 4; lastKnownFileType = text.json; path = BottlerHierarchyData.json; sourceTree = "<group>"; };
		159C4FAB1C5818D2005B9662 /* DPSUtilities.h */ = {isa = PBXFileReference; fileEncoding = 4; lastKnownFileType = sourcecode.c.h; path = DPSUtilities.h; sourceTree = "<group>"; };
		159C4FAC1C5818D2005B9662 /* DPSUtilities.m */ = {isa = PBXFileReference; fileEncoding = 4; lastKnownFileType = sourcecode.c.objc; path = DPSUtilities.m; sourceTree = "<group>"; };
		159C4FAE1C592138005B9662 /* DPSBottler.h */ = {isa = PBXFileReference; fileEncoding = 4; lastKnownFileType = sourcecode.c.h; path = DPSBottler.h; sourceTree = "<group>"; };
		159C4FAF1C592138005B9662 /* DPSBottler.m */ = {isa = PBXFileReference; fileEncoding = 4; lastKnownFileType = sourcecode.c.objc; path = DPSBottler.m; sourceTree = "<group>"; };
		159C4FB11C59214E005B9662 /* EBHObject.h */ = {isa = PBXFileReference; fileEncoding = 4; lastKnownFileType = sourcecode.c.h; path = EBHObject.h; sourceTree = "<group>"; };
		159C4FB21C59214E005B9662 /* EBHObject.m */ = {isa = PBXFileReference; fileEncoding = 4; lastKnownFileType = sourcecode.c.objc; path = EBHObject.m; sourceTree = "<group>"; };
		15D91F461C49682C00DFBCCB /* HelloWorld.app */ = {isa = PBXFileReference; explicitFileType = wrapper.application; includeInIndex = 0; path = HelloWorld.app; sourceTree = BUILT_PRODUCTS_DIR; };
		15D91F4A1C49682C00DFBCCB /* main.m */ = {isa = PBXFileReference; lastKnownFileType = sourcecode.c.objc; path = main.m; sourceTree = "<group>"; };
		15D91F4C1C49682C00DFBCCB /* AppDelegate.h */ = {isa = PBXFileReference; lastKnownFileType = sourcecode.c.h; path = AppDelegate.h; sourceTree = "<group>"; };
		15D91F4D1C49682C00DFBCCB /* AppDelegate.m */ = {isa = PBXFileReference; lastKnownFileType = sourcecode.c.objc; path = AppDelegate.m; sourceTree = "<group>"; };
		15D91F4F1C49682C00DFBCCB /* ViewController.h */ = {isa = PBXFileReference; lastKnownFileType = sourcecode.c.h; path = ViewController.h; sourceTree = "<group>"; };
		15D91F501C49682C00DFBCCB /* ViewController.m */ = {isa = PBXFileReference; lastKnownFileType = sourcecode.c.objc; path = ViewController.m; sourceTree = "<group>"; };
		15D91F531C49682C00DFBCCB /* Base */ = {isa = PBXFileReference; lastKnownFileType = file.storyboard; name = Base; path = Base.lproj/Main.storyboard; sourceTree = "<group>"; };
		15D91F551C49682C00DFBCCB /* Assets.xcassets */ = {isa = PBXFileReference; lastKnownFileType = folder.assetcatalog; path = Assets.xcassets; sourceTree = "<group>"; };
		15D91F581C49682C00DFBCCB /* Base */ = {isa = PBXFileReference; lastKnownFileType = file.storyboard; name = Base; path = Base.lproj/LaunchScreen.storyboard; sourceTree = "<group>"; };
		15D91F5A1C49682C00DFBCCB /* Info.plist */ = {isa = PBXFileReference; lastKnownFileType = text.plist.xml; path = Info.plist; sourceTree = "<group>"; };
		15D91F5F1C49682C00DFBCCB /* HelloWorldTests.xctest */ = {isa = PBXFileReference; explicitFileType = wrapper.cfbundle; includeInIndex = 0; path = HelloWorldTests.xctest; sourceTree = BUILT_PRODUCTS_DIR; };
		15D91F631C49682C00DFBCCB /* HelloWorldTests.m */ = {isa = PBXFileReference; lastKnownFileType = sourcecode.c.objc; path = HelloWorldTests.m; sourceTree = "<group>"; };
		15D91F651C49682C00DFBCCB /* Info.plist */ = {isa = PBXFileReference; lastKnownFileType = text.plist.xml; path = Info.plist; sourceTree = "<group>"; };
		15D91F6A1C49682C00DFBCCB /* HelloWorldUITests.xctest */ = {isa = PBXFileReference; explicitFileType = wrapper.cfbundle; includeInIndex = 0; path = HelloWorldUITests.xctest; sourceTree = BUILT_PRODUCTS_DIR; };
		15D91F6E1C49682C00DFBCCB /* HelloWorldUITests.m */ = {isa = PBXFileReference; lastKnownFileType = sourcecode.c.objc; path = HelloWorldUITests.m; sourceTree = "<group>"; };
		15D91F701C49682C00DFBCCB /* Info.plist */ = {isa = PBXFileReference; lastKnownFileType = text.plist.xml; path = Info.plist; sourceTree = "<group>"; };
		15D91F801C49688A00DFBCCB /* RABatchChangeEntity.h */ = {isa = PBXFileReference; fileEncoding = 4; lastKnownFileType = sourcecode.c.h; path = RABatchChangeEntity.h; sourceTree = "<group>"; };
		15D91F811C49688A00DFBCCB /* RABatchChangeEntity.m */ = {isa = PBXFileReference; fileEncoding = 4; lastKnownFileType = sourcecode.c.objc; path = RABatchChangeEntity.m; sourceTree = "<group>"; };
		15D91F821C49688A00DFBCCB /* RABatchChanges.h */ = {isa = PBXFileReference; fileEncoding = 4; lastKnownFileType = sourcecode.c.h; path = RABatchChanges.h; sourceTree = "<group>"; };
		15D91F831C49688A00DFBCCB /* RABatchChanges.m */ = {isa = PBXFileReference; fileEncoding = 4; lastKnownFileType = sourcecode.c.objc; path = RABatchChanges.m; sourceTree = "<group>"; };
		15D91F841C49688A00DFBCCB /* RATableView.h */ = {isa = PBXFileReference; fileEncoding = 4; lastKnownFileType = sourcecode.c.h; path = RATableView.h; sourceTree = "<group>"; };
		15D91F851C49688A00DFBCCB /* RATableView.m */ = {isa = PBXFileReference; fileEncoding = 4; lastKnownFileType = sourcecode.c.objc; path = RATableView.m; sourceTree = "<group>"; };
		15D91F861C49688A00DFBCCB /* RATreeNode.h */ = {isa = PBXFileReference; fileEncoding = 4; lastKnownFileType = sourcecode.c.h; path = RATreeNode.h; sourceTree = "<group>"; };
		15D91F871C49688A00DFBCCB /* RATreeNode.m */ = {isa = PBXFileReference; fileEncoding = 4; lastKnownFileType = sourcecode.c.objc; path = RATreeNode.m; sourceTree = "<group>"; };
		15D91F881C49688A00DFBCCB /* RATreeNode_ClassExtension.h */ = {isa = PBXFileReference; fileEncoding = 4; lastKnownFileType = sourcecode.c.h; path = RATreeNode_ClassExtension.h; sourceTree = "<group>"; };
		15D91F891C49688A00DFBCCB /* RATreeNodeCollectionController.h */ = {isa = PBXFileReference; fileEncoding = 4; lastKnownFileType = sourcecode.c.h; path = RATreeNodeCollectionController.h; sourceTree = "<group>"; };
		15D91F8A1C49688A00DFBCCB /* RATreeNodeCollectionController.m */ = {isa = PBXFileReference; fileEncoding = 4; lastKnownFileType = sourcecode.c.objc; path = RATreeNodeCollectionController.m; sourceTree = "<group>"; };
		15D91F8B1C49688A00DFBCCB /* RATreeNodeController.h */ = {isa = PBXFileReference; fileEncoding = 4; lastKnownFileType = sourcecode.c.h; path = RATreeNodeController.h; sourceTree = "<group>"; };
		15D91F8C1C49688A00DFBCCB /* RATreeNodeController.m */ = {isa = PBXFileReference; fileEncoding = 4; lastKnownFileType = sourcecode.c.objc; path = RATreeNodeController.m; sourceTree = "<group>"; };
		15D91F8D1C49688A00DFBCCB /* RATreeNodeItem+ClassExtension.h */ = {isa = PBXFileReference; fileEncoding = 4; lastKnownFileType = sourcecode.c.h; path = "RATreeNodeItem+ClassExtension.h"; sourceTree = "<group>"; };
		15D91F8E1C49688A00DFBCCB /* RATreeNodeItem+Private.h */ = {isa = PBXFileReference; fileEncoding = 4; lastKnownFileType = sourcecode.c.h; path = "RATreeNodeItem+Private.h"; sourceTree = "<group>"; };
		15D91F8F1C49688A00DFBCCB /* RATreeNodeItem+Private.m */ = {isa = PBXFileReference; fileEncoding = 4; lastKnownFileType = sourcecode.c.objc; path = "RATreeNodeItem+Private.m"; sourceTree = "<group>"; };
		15D91F901C49688A00DFBCCB /* RATreeNodeItem.h */ = {isa = PBXFileReference; fileEncoding = 4; lastKnownFileType = sourcecode.c.h; path = RATreeNodeItem.h; sourceTree = "<group>"; };
		15D91F911C49688A00DFBCCB /* RATreeNodeItem.m */ = {isa = PBXFileReference; fileEncoding = 4; lastKnownFileType = sourcecode.c.objc; path = RATreeNodeItem.m; sourceTree = "<group>"; };
		15D91F921C49688A00DFBCCB /* RATreeView+Enums.h */ = {isa = PBXFileReference; fileEncoding = 4; lastKnownFileType = sourcecode.c.h; path = "RATreeView+Enums.h"; sourceTree = "<group>"; };
		15D91F931C49688A00DFBCCB /* RATreeView+Enums.m */ = {isa = PBXFileReference; fileEncoding = 4; lastKnownFileType = sourcecode.c.objc; path = "RATreeView+Enums.m"; sourceTree = "<group>"; };
		15D91F941C49688A00DFBCCB /* RATreeView+Private.h */ = {isa = PBXFileReference; fileEncoding = 4; lastKnownFileType = sourcecode.c.h; path = "RATreeView+Private.h"; sourceTree = "<group>"; };
		15D91F951C49688A00DFBCCB /* RATreeView+Private.m */ = {isa = PBXFileReference; fileEncoding = 4; lastKnownFileType = sourcecode.c.objc; path = "RATreeView+Private.m"; sourceTree = "<group>"; };
		15D91F961C49688A00DFBCCB /* RATreeView+RATreeNodeCollectionControllerDataSource.h */ = {isa = PBXFileReference; fileEncoding = 4; lastKnownFileType = sourcecode.c.h; path = "RATreeView+RATreeNodeCollectionControllerDataSource.h"; sourceTree = "<group>"; };
		15D91F971C49688A00DFBCCB /* RATreeView+RATreeNodeCollectionControllerDataSource.m */ = {isa = PBXFileReference; fileEncoding = 4; lastKnownFileType = sourcecode.c.objc; path = "RATreeView+RATreeNodeCollectionControllerDataSource.m"; sourceTree = "<group>"; };
		15D91F981C49688A00DFBCCB /* RATreeView+TableViewDataSource.h */ = {isa = PBXFileReference; fileEncoding = 4; lastKnownFileType = sourcecode.c.h; path = "RATreeView+TableViewDataSource.h"; sourceTree = "<group>"; };
		15D91F991C49688A00DFBCCB /* RATreeView+TableViewDataSource.m */ = {isa = PBXFileReference; fileEncoding = 4; lastKnownFileType = sourcecode.c.objc; path = "RATreeView+TableViewDataSource.m"; sourceTree = "<group>"; };
		15D91F9A1C49688A00DFBCCB /* RATreeView+TableViewDelegate.h */ = {isa = PBXFileReference; fileEncoding = 4; lastKnownFileType = sourcecode.c.h; path = "RATreeView+TableViewDelegate.h"; sourceTree = "<group>"; };
		15D91F9B1C49688A00DFBCCB /* RATreeView+TableViewDelegate.m */ = {isa = PBXFileReference; fileEncoding = 4; lastKnownFileType = sourcecode.c.objc; path = "RATreeView+TableViewDelegate.m"; sourceTree = "<group>"; };
		15D91F9C1C49688A00DFBCCB /* RATreeView_ClassExtension.h */ = {isa = PBXFileReference; fileEncoding = 4; lastKnownFileType = sourcecode.c.h; path = RATreeView_ClassExtension.h; sourceTree = "<group>"; };
		15D91F9D1C49688A00DFBCCB /* RATreeView.h */ = {isa = PBXFileReference; fileEncoding = 4; lastKnownFileType = sourcecode.c.h; path = RATreeView.h; sourceTree = "<group>"; };
		15D91F9E1C49688A00DFBCCB /* RATreeView.m */ = {isa = PBXFileReference; fileEncoding = 4; lastKnownFileType = sourcecode.c.objc; path = RATreeView.m; sourceTree = "<group>"; };
		15D91FA01C49688A00DFBCCB /* Info.plist */ = {isa = PBXFileReference; fileEncoding = 4; lastKnownFileType = text.plist.xml; path = Info.plist; sourceTree = "<group>"; };
		15D91FB01C4968D200DFBCCB /* RADataObject.h */ = {isa = PBXFileReference; fileEncoding = 4; lastKnownFileType = sourcecode.c.h; path = RADataObject.h; sourceTree = "<group>"; };
		15D91FB11C4968D200DFBCCB /* RADataObject.m */ = {isa = PBXFileReference; fileEncoding = 4; lastKnownFileType = sourcecode.c.objc; path = RADataObject.m; sourceTree = "<group>"; };
		15D91FB21C4968D200DFBCCB /* RATableViewCell.h */ = {isa = PBXFileReference; fileEncoding = 4; lastKnownFileType = sourcecode.c.h; path = RATableViewCell.h; sourceTree = "<group>"; };
		15D91FB31C4968D200DFBCCB /* RATableViewCell.m */ = {isa = PBXFileReference; fileEncoding = 4; lastKnownFileType = sourcecode.c.objc; path = RATableViewCell.m; sourceTree = "<group>"; };
		15D91FB41C4968D200DFBCCB /* RATableViewCell.xib */ = {isa = PBXFileReference; fileEncoding = 4; lastKnownFileType = file.xib; path = RATableViewCell.xib; sourceTree = "<group>"; };
		15D91FBB1C49884800DFBCCB /* NewViewController.h */ = {isa = PBXFileReference; fileEncoding = 4; lastKnownFileType = sourcecode.c.h; path = NewViewController.h; sourceTree = "<group>"; };
		15D91FBC1C49884800DFBCCB /* NewViewController.m */ = {isa = PBXFileReference; fileEncoding = 4; lastKnownFileType = sourcecode.c.objc; path = NewViewController.m; sourceTree = "<group>"; };
		15D91FBE1C49943400DFBCCB /* Selected-icon@2x.png */ = {isa = PBXFileReference; lastKnownFileType = image.png; path = "Selected-icon@2x.png"; sourceTree = "<group>"; };
		15D91FBF1C49943400DFBCCB /* Unselected-icon@2x.png */ = {isa = PBXFileReference; lastKnownFileType = image.png; path = "Unselected-icon@2x.png"; sourceTree = "<group>"; };
		65E087EC007F1B4B20813A51 /* Pods.debug.xcconfig */ = {isa = PBXFileReference; includeInIndex = 1; lastKnownFileType = text.xcconfig; name = Pods.debug.xcconfig; path = "Pods/Target Support Files/Pods/Pods.debug.xcconfig"; sourceTree = "<group>"; };
		FAC54974290EF37539E47E9E /* Pods.release.xcconfig */ = {isa = PBXFileReference; includeInIndex = 1; lastKnownFileType = text.xcconfig; name = Pods.release.xcconfig; path = "Pods/Target Support Files/Pods/Pods.release.xcconfig"; sourceTree = "<group>"; };
/* End PBXFileReference section */

/* Begin PBXFrameworksBuildPhase section */
		15D91F431C49682C00DFBCCB /* Frameworks */ = {
			isa = PBXFrameworksBuildPhase;
			buildActionMask = 2147483647;
			files = (
				A3914CA03461F1C647C9A6D9 /* libPods.a in Frameworks */,
			);
			runOnlyForDeploymentPostprocessing = 0;
		};
		15D91F5C1C49682C00DFBCCB /* Frameworks */ = {
			isa = PBXFrameworksBuildPhase;
			buildActionMask = 2147483647;
			files = (
			);
			runOnlyForDeploymentPostprocessing = 0;
		};
		15D91F671C49682C00DFBCCB /* Frameworks */ = {
			isa = PBXFrameworksBuildPhase;
			buildActionMask = 2147483647;
			files = (
			);
			runOnlyForDeploymentPostprocessing = 0;
		};
/* End PBXFrameworksBuildPhase section */

/* Begin PBXGroup section */
		15D91F3D1C49682C00DFBCCB = {
			isa = PBXGroup;
			children = (
				15D91F481C49682C00DFBCCB /* HelloWorld */,
				15D91F621C49682C00DFBCCB /* HelloWorldTests */,
				15D91F6D1C49682C00DFBCCB /* HelloWorldUITests */,
				15D91F471C49682C00DFBCCB /* Products */,
				D6C94D7A80872E04AD34F10E /* Pods */,
				3C3177A6D856F0660D9044DB /* Frameworks */,
			);
			sourceTree = "<group>";
		};
		15D91F471C49682C00DFBCCB /* Products */ = {
			isa = PBXGroup;
			children = (
				15D91F461C49682C00DFBCCB /* HelloWorld.app */,
				15D91F5F1C49682C00DFBCCB /* HelloWorldTests.xctest */,
				15D91F6A1C49682C00DFBCCB /* HelloWorldUITests.xctest */,
			);
			name = Products;
			sourceTree = "<group>";
		};
		15D91F481C49682C00DFBCCB /* HelloWorld */ = {
			isa = PBXGroup;
			children = (
				15D91F4C1C49682C00DFBCCB /* AppDelegate.h */,
				15D91F4D1C49682C00DFBCCB /* AppDelegate.m */,
				15D91FBB1C49884800DFBCCB /* NewViewController.h */,
				15D91FBC1C49884800DFBCCB /* NewViewController.m */,
				15D91F4F1C49682C00DFBCCB /* ViewController.h */,
				15D91F501C49682C00DFBCCB /* ViewController.m */,
				15D91FB01C4968D200DFBCCB /* RADataObject.h */,
				15D91FB11C4968D200DFBCCB /* RADataObject.m */,
				15D91FB21C4968D200DFBCCB /* RATableViewCell.h */,
				15D91FB31C4968D200DFBCCB /* RATableViewCell.m */,
				15D91FB41C4968D200DFBCCB /* RATableViewCell.xib */,
				15D91FBE1C49943400DFBCCB /* Selected-icon@2x.png */,
				15D91FBF1C49943400DFBCCB /* Unselected-icon@2x.png */,
				159C4FA91C580E6F005B9662 /* BottlerHierarchyData.json */,
				159C4FAE1C592138005B9662 /* DPSBottler.h */,
				159C4FAF1C592138005B9662 /* DPSBottler.m */,
				159C4FB11C59214E005B9662 /* EBHObject.h */,
				159C4FB21C59214E005B9662 /* EBHObject.m */,
				159C4FAB1C5818D2005B9662 /* DPSUtilities.h */,
				159C4FAC1C5818D2005B9662 /* DPSUtilities.m */,
				15D91F7E1C49688A00DFBCCB /* RATreeView */,
				15D91F521C49682C00DFBCCB /* Main.storyboard */,
				15D91F551C49682C00DFBCCB /* Assets.xcassets */,
				15D91F571C49682C00DFBCCB /* LaunchScreen.storyboard */,
				15D91F5A1C49682C00DFBCCB /* Info.plist */,
				15D91F491C49682C00DFBCCB /* Supporting Files */,
			);
			path = HelloWorld;
			sourceTree = "<group>";
		};
		15D91F491C49682C00DFBCCB /* Supporting Files */ = {
			isa = PBXGroup;
			children = (
				15D91F4A1C49682C00DFBCCB /* main.m */,
			);
			name = "Supporting Files";
			sourceTree = "<group>";
		};
		15D91F621C49682C00DFBCCB /* HelloWorldTests */ = {
			isa = PBXGroup;
			children = (
				15D91F631C49682C00DFBCCB /* HelloWorldTests.m */,
				15D91F651C49682C00DFBCCB /* Info.plist */,
			);
			path = HelloWorldTests;
			sourceTree = "<group>";
		};
		15D91F6D1C49682C00DFBCCB /* HelloWorldUITests */ = {
			isa = PBXGroup;
			children = (
				15D91F6E1C49682C00DFBCCB /* HelloWorldUITests.m */,
				15D91F701C49682C00DFBCCB /* Info.plist */,
			);
			path = HelloWorldUITests;
			sourceTree = "<group>";
		};
		15D91F7E1C49688A00DFBCCB /* RATreeView */ = {
			isa = PBXGroup;
			children = (
				15D91F7F1C49688A00DFBCCB /* Private Files */,
				15D91F9D1C49688A00DFBCCB /* RATreeView.h */,
				15D91F9E1C49688A00DFBCCB /* RATreeView.m */,
				15D91F9F1C49688A00DFBCCB /* Support */,
			);
			path = RATreeView;
			sourceTree = "<group>";
		};
		15D91F7F1C49688A00DFBCCB /* Private Files */ = {
			isa = PBXGroup;
			children = (
				15D91F801C49688A00DFBCCB /* RABatchChangeEntity.h */,
				15D91F811C49688A00DFBCCB /* RABatchChangeEntity.m */,
				15D91F821C49688A00DFBCCB /* RABatchChanges.h */,
				15D91F831C49688A00DFBCCB /* RABatchChanges.m */,
				15D91F841C49688A00DFBCCB /* RATableView.h */,
				15D91F851C49688A00DFBCCB /* RATableView.m */,
				15D91F861C49688A00DFBCCB /* RATreeNode.h */,
				15D91F871C49688A00DFBCCB /* RATreeNode.m */,
				15D91F881C49688A00DFBCCB /* RATreeNode_ClassExtension.h */,
				15D91F891C49688A00DFBCCB /* RATreeNodeCollectionController.h */,
				15D91F8A1C49688A00DFBCCB /* RATreeNodeCollectionController.m */,
				15D91F8B1C49688A00DFBCCB /* RATreeNodeController.h */,
				15D91F8C1C49688A00DFBCCB /* RATreeNodeController.m */,
				15D91F8D1C49688A00DFBCCB /* RATreeNodeItem+ClassExtension.h */,
				15D91F8E1C49688A00DFBCCB /* RATreeNodeItem+Private.h */,
				15D91F8F1C49688A00DFBCCB /* RATreeNodeItem+Private.m */,
				15D91F901C49688A00DFBCCB /* RATreeNodeItem.h */,
				15D91F911C49688A00DFBCCB /* RATreeNodeItem.m */,
				15D91F921C49688A00DFBCCB /* RATreeView+Enums.h */,
				15D91F931C49688A00DFBCCB /* RATreeView+Enums.m */,
				15D91F941C49688A00DFBCCB /* RATreeView+Private.h */,
				15D91F951C49688A00DFBCCB /* RATreeView+Private.m */,
				15D91F961C49688A00DFBCCB /* RATreeView+RATreeNodeCollectionControllerDataSource.h */,
				15D91F971C49688A00DFBCCB /* RATreeView+RATreeNodeCollectionControllerDataSource.m */,
				15D91F981C49688A00DFBCCB /* RATreeView+TableViewDataSource.h */,
				15D91F991C49688A00DFBCCB /* RATreeView+TableViewDataSource.m */,
				15D91F9A1C49688A00DFBCCB /* RATreeView+TableViewDelegate.h */,
				15D91F9B1C49688A00DFBCCB /* RATreeView+TableViewDelegate.m */,
				15D91F9C1C49688A00DFBCCB /* RATreeView_ClassExtension.h */,
			);
			path = "Private Files";
			sourceTree = "<group>";
		};
		15D91F9F1C49688A00DFBCCB /* Support */ = {
			isa = PBXGroup;
			children = (
				15D91FA01C49688A00DFBCCB /* Info.plist */,
			);
			path = Support;
			sourceTree = "<group>";
		};
		3C3177A6D856F0660D9044DB /* Frameworks */ = {
			isa = PBXGroup;
			children = (
				12F356F8DCC1830C06CC294D /* libPods.a */,
			);
			name = Frameworks;
			sourceTree = "<group>";
		};
		D6C94D7A80872E04AD34F10E /* Pods */ = {
			isa = PBXGroup;
			children = (
				65E087EC007F1B4B20813A51 /* Pods.debug.xcconfig */,
				FAC54974290EF37539E47E9E /* Pods.release.xcconfig */,
			);
			name = Pods;
			sourceTree = "<group>";
		};
/* End PBXGroup section */

/* Begin PBXNativeTarget section */
		15D91F451C49682C00DFBCCB /* HelloWorld */ = {
			isa = PBXNativeTarget;
			buildConfigurationList = 15D91F731C49682C00DFBCCB /* Build configuration list for PBXNativeTarget "HelloWorld" */;
			buildPhases = (
				611E80607BC19A91ABEA4CE7 /* Check Pods Manifest.lock */,
				15D91F421C49682C00DFBCCB /* Sources */,
				15D91F431C49682C00DFBCCB /* Frameworks */,
				15D91F441C49682C00DFBCCB /* Resources */,
				B409DED4C2B0E27B6BC0FC86 /* Embed Pods Frameworks */,
				7FB50F6C2CB0FFF0E6A34643 /* Copy Pods Resources */,
			);
			buildRules = (
			);
			dependencies = (
			);
			name = HelloWorld;
			productName = HelloWorld;
			productReference = 15D91F461C49682C00DFBCCB /* HelloWorld.app */;
			productType = "com.apple.product-type.application";
		};
		15D91F5E1C49682C00DFBCCB /* HelloWorldTests */ = {
			isa = PBXNativeTarget;
			buildConfigurationList = 15D91F761C49682C00DFBCCB /* Build configuration list for PBXNativeTarget "HelloWorldTests" */;
			buildPhases = (
				15D91F5B1C49682C00DFBCCB /* Sources */,
				15D91F5C1C49682C00DFBCCB /* Frameworks */,
				15D91F5D1C49682C00DFBCCB /* Resources */,
			);
			buildRules = (
			);
			dependencies = (
				15D91F611C49682C00DFBCCB /* PBXTargetDependency */,
			);
			name = HelloWorldTests;
			productName = HelloWorldTests;
			productReference = 15D91F5F1C49682C00DFBCCB /* HelloWorldTests.xctest */;
			productType = "com.apple.product-type.bundle.unit-test";
		};
		15D91F691C49682C00DFBCCB /* HelloWorldUITests */ = {
			isa = PBXNativeTarget;
			buildConfigurationList = 15D91F791C49682C00DFBCCB /* Build configuration list for PBXNativeTarget "HelloWorldUITests" */;
			buildPhases = (
				15D91F661C49682C00DFBCCB /* Sources */,
				15D91F671C49682C00DFBCCB /* Frameworks */,
				15D91F681C49682C00DFBCCB /* Resources */,
			);
			buildRules = (
			);
			dependencies = (
				15D91F6C1C49682C00DFBCCB /* PBXTargetDependency */,
			);
			name = HelloWorldUITests;
			productName = HelloWorldUITests;
			productReference = 15D91F6A1C49682C00DFBCCB /* HelloWorldUITests.xctest */;
			productType = "com.apple.product-type.bundle.ui-testing";
		};
/* End PBXNativeTarget section */

/* Begin PBXProject section */
		15D91F3E1C49682C00DFBCCB /* Project object */ = {
			isa = PBXProject;
			attributes = {
				LastUpgradeCheck = 0720;
				ORGANIZATIONNAME = DPSG;
				TargetAttributes = {
					15D91F451C49682C00DFBCCB = {
						CreatedOnToolsVersion = 7.2;
					};
					15D91F5E1C49682C00DFBCCB = {
						CreatedOnToolsVersion = 7.2;
						TestTargetID = 15D91F451C49682C00DFBCCB;
					};
					15D91F691C49682C00DFBCCB = {
						CreatedOnToolsVersion = 7.2;
						TestTargetID = 15D91F451C49682C00DFBCCB;
					};
				};
			};
			buildConfigurationList = 15D91F411C49682C00DFBCCB /* Build configuration list for PBXProject "HelloWorld" */;
			compatibilityVersion = "Xcode 3.2";
			developmentRegion = English;
			hasScannedForEncodings = 0;
			knownRegions = (
				en,
				Base,
			);
			mainGroup = 15D91F3D1C49682C00DFBCCB;
			productRefGroup = 15D91F471C49682C00DFBCCB /* Products */;
			projectDirPath = "";
			projectRoot = "";
			targets = (
				15D91F451C49682C00DFBCCB /* HelloWorld */,
				15D91F5E1C49682C00DFBCCB /* HelloWorldTests */,
				15D91F691C49682C00DFBCCB /* HelloWorldUITests */,
			);
		};
/* End PBXProject section */

/* Begin PBXResourcesBuildPhase section */
		15D91F441C49682C00DFBCCB /* Resources */ = {
			isa = PBXResourcesBuildPhase;
			buildActionMask = 2147483647;
			files = (
				15D91FC01C49943400DFBCCB /* Selected-icon@2x.png in Resources */,
				15D91FAF1C49688A00DFBCCB /* Info.plist in Resources */,
				15D91FB71C4968D200DFBCCB /* RATableViewCell.xib in Resources */,
				15D91F591C49682C00DFBCCB /* LaunchScreen.storyboard in Resources */,
				15D91F561C49682C00DFBCCB /* Assets.xcassets in Resources */,
				15D91F541C49682C00DFBCCB /* Main.storyboard in Resources */,
				159C4FAA1C580E6F005B9662 /* BottlerHierarchyData.json in Resources */,
				15D91FC11C49943400DFBCCB /* Unselected-icon@2x.png in Resources */,
			);
			runOnlyForDeploymentPostprocessing = 0;
		};
		15D91F5D1C49682C00DFBCCB /* Resources */ = {
			isa = PBXResourcesBuildPhase;
			buildActionMask = 2147483647;
			files = (
			);
			runOnlyForDeploymentPostprocessing = 0;
		};
		15D91F681C49682C00DFBCCB /* Resources */ = {
			isa = PBXResourcesBuildPhase;
			buildActionMask = 2147483647;
			files = (
			);
			runOnlyForDeploymentPostprocessing = 0;
		};
/* End PBXResourcesBuildPhase section */

/* Begin PBXShellScriptBuildPhase section */
		611E80607BC19A91ABEA4CE7 /* Check Pods Manifest.lock */ = {
			isa = PBXShellScriptBuildPhase;
			buildActionMask = 2147483647;
			files = (
			);
			inputPaths = (
			);
			name = "Check Pods Manifest.lock";
			outputPaths = (
			);
			runOnlyForDeploymentPostprocessing = 0;
			shellPath = /bin/sh;
			shellScript = "diff \"${PODS_ROOT}/../Podfile.lock\" \"${PODS_ROOT}/Manifest.lock\" > /dev/null\nif [[ $? != 0 ]] ; then\n    cat << EOM\nerror: The sandbox is not in sync with the Podfile.lock. Run 'pod install' or update your CocoaPods installation.\nEOM\n    exit 1\nfi\n";
			showEnvVarsInLog = 0;
		};
		7FB50F6C2CB0FFF0E6A34643 /* Copy Pods Resources */ = {
			isa = PBXShellScriptBuildPhase;
			buildActionMask = 2147483647;
			files = (
			);
			inputPaths = (
			);
			name = "Copy Pods Resources";
			outputPaths = (
			);
			runOnlyForDeploymentPostprocessing = 0;
			shellPath = /bin/sh;
			shellScript = "\"${SRCROOT}/Pods/Target Support Files/Pods/Pods-resources.sh\"\n";
			showEnvVarsInLog = 0;
		};
		B409DED4C2B0E27B6BC0FC86 /* Embed Pods Frameworks */ = {
			isa = PBXShellScriptBuildPhase;
			buildActionMask = 2147483647;
			files = (
			);
			inputPaths = (
			);
			name = "Embed Pods Frameworks";
			outputPaths = (
			);
			runOnlyForDeploymentPostprocessing = 0;
			shellPath = /bin/sh;
			shellScript = "\"${SRCROOT}/Pods/Target Support Files/Pods/Pods-frameworks.sh\"\n";
			showEnvVarsInLog = 0;
		};
/* End PBXShellScriptBuildPhase section */

/* Begin PBXSourcesBuildPhase section */
		15D91F421C49682C00DFBCCB /* Sources */ = {
			isa = PBXSourcesBuildPhase;
			buildActionMask = 2147483647;
			files = (
				15D91FAD1C49688A00DFBCCB /* RATreeView+TableViewDelegate.m in Sources */,
				159C4FB31C59214E005B9662 /* EBHObject.m in Sources */,
				15D91FB61C4968D200DFBCCB /* RATableViewCell.m in Sources */,
				15D91FA51C49688A00DFBCCB /* RATreeNodeCollectionController.m in Sources */,
				15D91FAB1C49688A00DFBCCB /* RATreeView+RATreeNodeCollectionControllerDataSource.m in Sources */,
				15D91FA31C49688A00DFBCCB /* RATableView.m in Sources */,
				15D91FAA1C49688A00DFBCCB /* RATreeView+Private.m in Sources */,
				15D91FA11C49688A00DFBCCB /* RABatchChangeEntity.m in Sources */,
				15D91FBD1C49884800DFBCCB /* NewViewController.m in Sources */,
				159C4FB01C592138005B9662 /* DPSBottler.m in Sources */,
				15D91FA81C49688A00DFBCCB /* RATreeNodeItem.m in Sources */,
				15D91FAC1C49688A00DFBCCB /* RATreeView+TableViewDataSource.m in Sources */,
				15D91F511C49682C00DFBCCB /* ViewController.m in Sources */,
				15D91FA21C49688A00DFBCCB /* RABatchChanges.m in Sources */,
				15D91FAE1C49688A00DFBCCB /* RATreeView.m in Sources */,
				15D91FA91C49688A00DFBCCB /* RATreeView+Enums.m in Sources */,
				15D91FA61C49688A00DFBCCB /* RATreeNodeController.m in Sources */,
				15D91F4E1C49682C00DFBCCB /* AppDelegate.m in Sources */,
				159C4FAD1C5818D2005B9662 /* DPSUtilities.m in Sources */,
				15D91FA71C49688A00DFBCCB /* RATreeNodeItem+Private.m in Sources */,
				15D91F4B1C49682C00DFBCCB /* main.m in Sources */,
				15D91FA41C49688A00DFBCCB /* RATreeNode.m in Sources */,
				15D91FB51C4968D200DFBCCB /* RADataObject.m in Sources */,
			);
			runOnlyForDeploymentPostprocessing = 0;
		};
		15D91F5B1C49682C00DFBCCB /* Sources */ = {
			isa = PBXSourcesBuildPhase;
			buildActionMask = 2147483647;
			files = (
				15D91F641C49682C00DFBCCB /* HelloWorldTests.m in Sources */,
			);
			runOnlyForDeploymentPostprocessing = 0;
		};
		15D91F661C49682C00DFBCCB /* Sources */ = {
			isa = PBXSourcesBuildPhase;
			buildActionMask = 2147483647;
			files = (
				15D91F6F1C49682C00DFBCCB /* HelloWorldUITests.m in Sources */,
			);
			runOnlyForDeploymentPostprocessing = 0;
		};
/* End PBXSourcesBuildPhase section */

/* Begin PBXTargetDependency section */
		15D91F611C49682C00DFBCCB /* PBXTargetDependency */ = {
			isa = PBXTargetDependency;
			target = 15D91F451C49682C00DFBCCB /* HelloWorld */;
			targetProxy = 15D91F601C49682C00DFBCCB /* PBXContainerItemProxy */;
		};
		15D91F6C1C49682C00DFBCCB /* PBXTargetDependency */ = {
			isa = PBXTargetDependency;
			target = 15D91F451C49682C00DFBCCB /* HelloWorld */;
			targetProxy = 15D91F6B1C49682C00DFBCCB /* PBXContainerItemProxy */;
		};
/* End PBXTargetDependency section */

/* Begin PBXVariantGroup section */
		15D91F521C49682C00DFBCCB /* Main.storyboard */ = {
			isa = PBXVariantGroup;
			children = (
				15D91F531C49682C00DFBCCB /* Base */,
			);
			name = Main.storyboard;
			sourceTree = "<group>";
		};
		15D91F571C49682C00DFBCCB /* LaunchScreen.storyboard */ = {
			isa = PBXVariantGroup;
			children = (
				15D91F581C49682C00DFBCCB /* Base */,
			);
			name = LaunchScreen.storyboard;
			sourceTree = "<group>";
		};
/* End PBXVariantGroup section */

/* Begin XCBuildConfiguration section */
		15D91F711C49682C00DFBCCB /* Debug */ = {
			isa = XCBuildConfiguration;
			buildSettings = {
				ALWAYS_SEARCH_USER_PATHS = NO;
				CLANG_CXX_LANGUAGE_STANDARD = "gnu++0x";
				CLANG_CXX_LIBRARY = "libc++";
				CLANG_ENABLE_MODULES = YES;
				CLANG_ENABLE_OBJC_ARC = YES;
				CLANG_WARN_BOOL_CONVERSION = YES;
				CLANG_WARN_CONSTANT_CONVERSION = YES;
				CLANG_WARN_DIRECT_OBJC_ISA_USAGE = YES_ERROR;
				CLANG_WARN_EMPTY_BODY = YES;
				CLANG_WARN_ENUM_CONVERSION = YES;
				CLANG_WARN_INT_CONVERSION = YES;
				CLANG_WARN_OBJC_ROOT_CLASS = YES_ERROR;
				CLANG_WARN_UNREACHABLE_CODE = YES;
				CLANG_WARN__DUPLICATE_METHOD_MATCH = YES;
				"CODE_SIGN_IDENTITY[sdk=iphoneos*]" = "iPhone Developer";
				COPY_PHASE_STRIP = NO;
				DEBUG_INFORMATION_FORMAT = dwarf;
				ENABLE_STRICT_OBJC_MSGSEND = YES;
				ENABLE_TESTABILITY = YES;
				GCC_C_LANGUAGE_STANDARD = gnu99;
				GCC_DYNAMIC_NO_PIC = NO;
				GCC_NO_COMMON_BLOCKS = YES;
				GCC_OPTIMIZATION_LEVEL = 0;
				GCC_PREPROCESSOR_DEFINITIONS = (
					"DEBUG=1",
					"$(inherited)",
				);
				GCC_WARN_64_TO_32_BIT_CONVERSION = YES;
				GCC_WARN_ABOUT_RETURN_TYPE = YES_ERROR;
				GCC_WARN_UNDECLARED_SELECTOR = YES;
				GCC_WARN_UNINITIALIZED_AUTOS = YES_AGGRESSIVE;
				GCC_WARN_UNUSED_FUNCTION = YES;
				GCC_WARN_UNUSED_VARIABLE = YES;
				IPHONEOS_DEPLOYMENT_TARGET = 9.2;
				MTL_ENABLE_DEBUG_INFO = YES;
				ONLY_ACTIVE_ARCH = YES;
				SDKROOT = iphoneos;
			};
			name = Debug;
		};
		15D91F721C49682C00DFBCCB /* Release */ = {
			isa = XCBuildConfiguration;
			buildSettings = {
				ALWAYS_SEARCH_USER_PATHS = NO;
				CLANG_CXX_LANGUAGE_STANDARD = "gnu++0x";
				CLANG_CXX_LIBRARY = "libc++";
				CLANG_ENABLE_MODULES = YES;
				CLANG_ENABLE_OBJC_ARC = YES;
				CLANG_WARN_BOOL_CONVERSION = YES;
				CLANG_WARN_CONSTANT_CONVERSION = YES;
				CLANG_WARN_DIRECT_OBJC_ISA_USAGE = YES_ERROR;
				CLANG_WARN_EMPTY_BODY = YES;
				CLANG_WARN_ENUM_CONVERSION = YES;
				CLANG_WARN_INT_CONVERSION = YES;
				CLANG_WARN_OBJC_ROOT_CLASS = YES_ERROR;
				CLANG_WARN_UNREACHABLE_CODE = YES;
				CLANG_WARN__DUPLICATE_METHOD_MATCH = YES;
				"CODE_SIGN_IDENTITY[sdk=iphoneos*]" = "iPhone Developer";
				COPY_PHASE_STRIP = NO;
				DEBUG_INFORMATION_FORMAT = "dwarf-with-dsym";
				ENABLE_NS_ASSERTIONS = NO;
				ENABLE_STRICT_OBJC_MSGSEND = YES;
				GCC_C_LANGUAGE_STANDARD = gnu99;
				GCC_NO_COMMON_BLOCKS = YES;
				GCC_WARN_64_TO_32_BIT_CONVERSION = YES;
				GCC_WARN_ABOUT_RETURN_TYPE = YES_ERROR;
				GCC_WARN_UNDECLARED_SELECTOR = YES;
				GCC_WARN_UNINITIALIZED_AUTOS = YES_AGGRESSIVE;
				GCC_WARN_UNUSED_FUNCTION = YES;
				GCC_WARN_UNUSED_VARIABLE = YES;
				IPHONEOS_DEPLOYMENT_TARGET = 9.2;
				MTL_ENABLE_DEBUG_INFO = NO;
				SDKROOT = iphoneos;
				VALIDATE_PRODUCT = YES;
			};
			name = Release;
		};
		15D91F741C49682C00DFBCCB /* Debug */ = {
			isa = XCBuildConfiguration;
			baseConfigurationReference = 65E087EC007F1B4B20813A51 /* Pods.debug.xcconfig */;
			buildSettings = {
				ASSETCATALOG_COMPILER_APPICON_NAME = AppIcon;
				INFOPLIST_FILE = HelloWorld/Info.plist;
				LD_RUNPATH_SEARCH_PATHS = "$(inherited) @executable_path/Frameworks";
				PRODUCT_BUNDLE_IDENTIFIER = com.dpsg.bc.HelloWorld;
				PRODUCT_NAME = "$(TARGET_NAME)";
			};
			name = Debug;
		};
		15D91F751C49682C00DFBCCB /* Release */ = {
			isa = XCBuildConfiguration;
			baseConfigurationReference = FAC54974290EF37539E47E9E /* Pods.release.xcconfig */;
			buildSettings = {
				ASSETCATALOG_COMPILER_APPICON_NAME = AppIcon;
				INFOPLIST_FILE = HelloWorld/Info.plist;
				LD_RUNPATH_SEARCH_PATHS = "$(inherited) @executable_path/Frameworks";
				PRODUCT_BUNDLE_IDENTIFIER = com.dpsg.bc.HelloWorld;
				PRODUCT_NAME = "$(TARGET_NAME)";
			};
			name = Release;
		};
		15D91F771C49682C00DFBCCB /* Debug */ = {
			isa = XCBuildConfiguration;
			buildSettings = {
				BUNDLE_LOADER = "$(TEST_HOST)";
				INFOPLIST_FILE = HelloWorldTests/Info.plist;
				LD_RUNPATH_SEARCH_PATHS = "$(inherited) @executable_path/Frameworks @loader_path/Frameworks";
				PRODUCT_BUNDLE_IDENTIFIER = com.dpsg.bc.HelloWorldTests;
				PRODUCT_NAME = "$(TARGET_NAME)";
				TEST_HOST = "$(BUILT_PRODUCTS_DIR)/HelloWorld.app/HelloWorld";
			};
			name = Debug;
		};
		15D91F781C49682C00DFBCCB /* Release */ = {
			isa = XCBuildConfiguration;
			buildSettings = {
				BUNDLE_LOADER = "$(TEST_HOST)";
				INFOPLIST_FILE = HelloWorldTests/Info.plist;
				LD_RUNPATH_SEARCH_PATHS = "$(inherited) @executable_path/Frameworks @loader_path/Frameworks";
				PRODUCT_BUNDLE_IDENTIFIER = com.dpsg.bc.HelloWorldTests;
				PRODUCT_NAME = "$(TARGET_NAME)";
				TEST_HOST = "$(BUILT_PRODUCTS_DIR)/HelloWorld.app/HelloWorld";
			};
			name = Release;
		};
		15D91F7A1C49682C00DFBCCB /* Debug */ = {
			isa = XCBuildConfiguration;
			buildSettings = {
				INFOPLIST_FILE = HelloWorldUITests/Info.plist;
				LD_RUNPATH_SEARCH_PATHS = "$(inherited) @executable_path/Frameworks @loader_path/Frameworks";
				PRODUCT_BUNDLE_IDENTIFIER = com.dpsg.bc.HelloWorldUITests;
				PRODUCT_NAME = "$(TARGET_NAME)";
				TEST_TARGET_NAME = HelloWorld;
				USES_XCTRUNNER = YES;
			};
			name = Debug;
		};
		15D91F7B1C49682C00DFBCCB /* Release */ = {
			isa = XCBuildConfiguration;
			buildSettings = {
				INFOPLIST_FILE = HelloWorldUITests/Info.plist;
				LD_RUNPATH_SEARCH_PATHS = "$(inherited) @executable_path/Frameworks @loader_path/Frameworks";
				PRODUCT_BUNDLE_IDENTIFIER = com.dpsg.bc.HelloWorldUITests;
				PRODUCT_NAME = "$(TARGET_NAME)";
				TEST_TARGET_NAME = HelloWorld;
				USES_XCTRUNNER = YES;
			};
			name = Release;
		};
/* End XCBuildConfiguration section */

/* Begin XCConfigurationList section */
		15D91F411C49682C00DFBCCB /* Build configuration list for PBXProject "HelloWorld" */ = {
			isa = XCConfigurationList;
			buildConfigurations = (
				15D91F711C49682C00DFBCCB /* Debug */,
				15D91F721C49682C00DFBCCB /* Release */,
			);
			defaultConfigurationIsVisible = 0;
			defaultConfigurationName = Release;
		};
		15D91F731C49682C00DFBCCB /* Build configuration list for PBXNativeTarget "HelloWorld" */ = {
			isa = XCConfigurationList;
			buildConfigurations = (
				15D91F741C49682C00DFBCCB /* Debug */,
				15D91F751C49682C00DFBCCB /* Release */,
			);
			defaultConfigurationIsVisible = 0;
			defaultConfigurationName = Release;
		};
		15D91F761C49682C00DFBCCB /* Build configuration list for PBXNativeTarget "HelloWorldTests" */ = {
			isa = XCConfigurationList;
			buildConfigurations = (
				15D91F771C49682C00DFBCCB /* Debug */,
				15D91F781C49682C00DFBCCB /* Release */,
			);
			defaultConfigurationIsVisible = 0;
			defaultConfigurationName = Release;
		};
		15D91F791C49682C00DFBCCB /* Build configuration list for PBXNativeTarget "HelloWorldUITests" */ = {
			isa = XCConfigurationList;
			buildConfigurations = (
				15D91F7A1C49682C00DFBCCB /* Debug */,
				15D91F7B1C49682C00DFBCCB /* Release */,
			);
			defaultConfigurationIsVisible = 0;
			defaultConfigurationName = Release;
		};
/* End XCConfigurationList section */
	};
	rootObject = 15D91F3E1C49682C00DFBCCB /* Project object */;
}
